// !$*UTF8*$!
{
	archiveVersion = 1;
	classes = {
	};
	objectVersion = 48;
	objects = {

/* Begin PBXBuildFile section */
		D71A28212076C890001BA13C /* main.cpp in Sources */ = {isa = PBXBuildFile; fileRef = D71A28202076C890001BA13C /* main.cpp */; };
		D71A28292076C8DA001BA13C /* libSDL2-2.0.0.dylib in Frameworks */ = {isa = PBXBuildFile; fileRef = D71A28282076C8DA001BA13C /* libSDL2-2.0.0.dylib */; };
		D71A283020770210001BA13C /* Screen.cpp in Sources */ = {isa = PBXBuildFile; fileRef = D71A282E20770210001BA13C /* Screen.cpp */; };
		D758395C2079DB4D000E45F7 /* CreatingParticles.cpp in Sources */ = {isa = PBXBuildFile; fileRef = D758395A2079DB4D000E45F7 /* CreatingParticles.cpp */; };
		D758395F2079DB9E000E45F7 /* Swarm.cpp in Sources */ = {isa = PBXBuildFile; fileRef = D758395D2079DB9E000E45F7 /* Swarm.cpp */; };
		D7CCD1CA2211D09D00828646 /* ParticleManager.cpp in Sources */ = {isa = PBXBuildFile; fileRef = D7CCD1C82211D09D00828646 /* ParticleManager.cpp */; };
/* End PBXBuildFile section */

/* Begin PBXCopyFilesBuildPhase section */
		D71A281B2076C890001BA13C /* CopyFiles */ = {
			isa = PBXCopyFilesBuildPhase;
			buildActionMask = 2147483647;
			dstPath = /usr/share/man/man1/;
			dstSubfolderSpec = 0;
			files = (
			);
			runOnlyForDeploymentPostprocessing = 1;
		};
/* End PBXCopyFilesBuildPhase section */

/* Begin PBXFileReference section */
		D71A281D2076C890001BA13C /* TheParticleFireSimulation */ = {isa = PBXFileReference; explicitFileType = "compiled.mach-o.executable"; includeInIndex = 0; path = TheParticleFireSimulation; sourceTree = BUILT_PRODUCTS_DIR; };
		D71A28202076C890001BA13C /* main.cpp */ = {isa = PBXFileReference; lastKnownFileType = sourcecode.cpp.cpp; path = main.cpp; sourceTree = "<group>"; };
		D71A28282076C8DA001BA13C /* libSDL2-2.0.0.dylib */ = {isa = PBXFileReference; lastKnownFileType = "compiled.mach-o.dylib"; name = "libSDL2-2.0.0.dylib"; path = "../../../../../../usr/local/Cellar/sdl2/2.0.8/lib/libSDL2-2.0.0.dylib"; sourceTree = "<group>"; };
		D71A282E20770210001BA13C /* Screen.cpp */ = {isa = PBXFileReference; lastKnownFileType = sourcecode.cpp.cpp; path = Screen.cpp; sourceTree = "<group>"; };
		D71A282F20770210001BA13C /* Screen.hpp */ = {isa = PBXFileReference; lastKnownFileType = sourcecode.cpp.h; path = Screen.hpp; sourceTree = "<group>"; };
		D758395A2079DB4D000E45F7 /* CreatingParticles.cpp */ = {isa = PBXFileReference; lastKnownFileType = sourcecode.cpp.cpp; path = CreatingParticles.cpp; sourceTree = "<group>"; };
		D758395B2079DB4D000E45F7 /* CreatingParticles.hpp */ = {isa = PBXFileReference; lastKnownFileType = sourcecode.cpp.h; path = CreatingParticles.hpp; sourceTree = "<group>"; };
		D758395D2079DB9E000E45F7 /* Swarm.cpp */ = {isa = PBXFileReference; lastKnownFileType = sourcecode.cpp.cpp; path = Swarm.cpp; sourceTree = "<group>"; };
		D758395E2079DB9E000E45F7 /* Swarm.hpp */ = {isa = PBXFileReference; lastKnownFileType = sourcecode.cpp.h; path = Swarm.hpp; sourceTree = "<group>"; };
		D7CCD1C82211D09D00828646 /* ParticleManager.cpp */ = {isa = PBXFileReference; lastKnownFileType = sourcecode.cpp.cpp; path = ParticleManager.cpp; sourceTree = "<group>"; };
		D7CCD1C92211D09D00828646 /* ParticleManager.hpp */ = {isa = PBXFileReference; lastKnownFileType = sourcecode.cpp.h; path = ParticleManager.hpp; sourceTree = "<group>"; };
/* End PBXFileReference section */

/* Begin PBXFrameworksBuildPhase section */
		D71A281A2076C890001BA13C /* Frameworks */ = {
			isa = PBXFrameworksBuildPhase;
			buildActionMask = 2147483647;
			files = (
				D71A28292076C8DA001BA13C /* libSDL2-2.0.0.dylib in Frameworks */,
			);
			runOnlyForDeploymentPostprocessing = 0;
		};
/* End PBXFrameworksBuildPhase section */

/* Begin PBXGroup section */
		D71A28142076C890001BA13C = {
			isa = PBXGroup;
			children = (
				D71A281F2076C890001BA13C /* TheParticleFireSimulation */,
				D71A281E2076C890001BA13C /* Products */,
				D71A28272076C8DA001BA13C /* Frameworks */,
			);
			sourceTree = "<group>";
		};
		D71A281E2076C890001BA13C /* Products */ = {
			isa = PBXGroup;
			children = (
				D71A281D2076C890001BA13C /* TheParticleFireSimulation */,
			);
			name = Products;
			sourceTree = "<group>";
		};
		D71A281F2076C890001BA13C /* TheParticleFireSimulation */ = {
			isa = PBXGroup;
			children = (
				D71A28202076C890001BA13C /* main.cpp */,
				D7CCD1C82211D09D00828646 /* ParticleManager.cpp */,
				D7CCD1C92211D09D00828646 /* ParticleManager.hpp */,
				D758395A2079DB4D000E45F7 /* CreatingParticles.cpp */,
				D758395B2079DB4D000E45F7 /* CreatingParticles.hpp */,
				D758395D2079DB9E000E45F7 /* Swarm.cpp */,
				D758395E2079DB9E000E45F7 /* Swarm.hpp */,
				D71A282E20770210001BA13C /* Screen.cpp */,
				D71A282F20770210001BA13C /* Screen.hpp */,
			);
			path = TheParticleFireSimulation;
			sourceTree = "<group>";
		};
		D71A28272076C8DA001BA13C /* Frameworks */ = {
			isa = PBXGroup;
			children = (
				D71A28282076C8DA001BA13C /* libSDL2-2.0.0.dylib */,
			);
			name = Frameworks;
			sourceTree = "<group>";
		};
/* End PBXGroup section */

/* Begin PBXNativeTarget section */
		D71A281C2076C890001BA13C /* TheParticleFireSimulation */ = {
			isa = PBXNativeTarget;
			buildConfigurationList = D71A28242076C890001BA13C /* Build configuration list for PBXNativeTarget "TheParticleFireSimulation" */;
			buildPhases = (
				D71A28192076C890001BA13C /* Sources */,
				D71A281A2076C890001BA13C /* Frameworks */,
				D71A281B2076C890001BA13C /* CopyFiles */,
			);
			buildRules = (
			);
			dependencies = (
			);
			name = TheParticleFireSimulation;
			productName = TheParticleFireSimulation;
			productReference = D71A281D2076C890001BA13C /* TheParticleFireSimulation */;
			productType = "com.apple.product-type.tool";
		};
/* End PBXNativeTarget section */

/* Begin PBXProject section */
		D71A28152076C890001BA13C /* Project object */ = {
			isa = PBXProject;
			attributes = {
				LastUpgradeCheck = 0920;
				ORGANIZATIONNAME = "Wen Xiao";
				TargetAttributes = {
					D71A281C2076C890001BA13C = {
						CreatedOnToolsVersion = 9.2;
						ProvisioningStyle = Automatic;
					};
				};
			};
			buildConfigurationList = D71A28182076C890001BA13C /* Build configuration list for PBXProject "TheParticleFireSimulation" */;
			compatibilityVersion = "Xcode 8.0";
			developmentRegion = en;
			hasScannedForEncodings = 0;
			knownRegions = (
				en,
			);
			mainGroup = D71A28142076C890001BA13C;
			productRefGroup = D71A281E2076C890001BA13C /* Products */;
			projectDirPath = "";
			projectRoot = "";
			targets = (
				D71A281C2076C890001BA13C /* TheParticleFireSimulation */,
			);
		};
/* End PBXProject section */

/* Begin PBXSourcesBuildPhase section */
		D71A28192076C890001BA13C /* Sources */ = {
			isa = PBXSourcesBuildPhase;
			buildActionMask = 2147483647;
			files = (
				D758395F2079DB9E000E45F7 /* Swarm.cpp in Sources */,
				D758395C2079DB4D000E45F7 /* CreatingParticles.cpp in Sources */,
				D7CCD1CA2211D09D00828646 /* ParticleManager.cpp in Sources */,
				D71A28212076C890001BA13C /* main.cpp in Sources */,
				D71A283020770210001BA13C /* Screen.cpp in Sources */,
			);
			runOnlyForDeploymentPostprocessing = 0;
		};
/* End PBXSourcesBuildPhase section */

/* Begin XCBuildConfiguration section */
		D71A28222076C890001BA13C /* Debug */ = {
			isa = XCBuildConfiguration;
			buildSettings = {
				ALWAYS_SEARCH_USER_PATHS = NO;
				CLANG_ANALYZER_NONNULL = YES;
				CLANG_ANALYZER_NUMBER_OBJECT_CONVERSION = YES_AGGRESSIVE;
				CLANG_CXX_LANGUAGE_STANDARD = "gnu++14";
				CLANG_CXX_LIBRARY = "libc++";
				CLANG_ENABLE_MODULES = YES;
				CLANG_ENABLE_OBJC_ARC = YES;
				CLANG_WARN_BLOCK_CAPTURE_AUTORELEASING = YES;
				CLANG_WARN_BOOL_CONVERSION = YES;
				CLANG_WARN_COMMA = YES;
				CLANG_WARN_CONSTANT_CONVERSION = YES;
				CLANG_WARN_DIRECT_OBJC_ISA_USAGE = YES_ERROR;
				CLANG_WARN_DOCUMENTATION_COMMENTS = YES;
				CLANG_WARN_EMPTY_BODY = YES;
				CLANG_WARN_ENUM_CONVERSION = YES;
				CLANG_WARN_INFINITE_RECURSION = YES;
				CLANG_WARN_INT_CONVERSION = YES;
				CLANG_WARN_NON_LITERAL_NULL_CONVERSION = YES;
				CLANG_WARN_OBJC_LITERAL_CONVERSION = YES;
				CLANG_WARN_OBJC_ROOT_CLASS = YES_ERROR;
				CLANG_WARN_RANGE_LOOP_ANALYSIS = YES;
				CLANG_WARN_STRICT_PROTOTYPES = YES;
				CLANG_WARN_SUSPICIOUS_MOVE = YES;
				CLANG_WARN_UNGUARDED_AVAILABILITY = YES_AGGRESSIVE;
				CLANG_WARN_UNREACHABLE_CODE = YES;
				CLANG_WARN__DUPLICATE_METHOD_MATCH = YES;
				CODE_SIGN_IDENTITY = "-";
				COPY_PHASE_STRIP = NO;
				DEBUG_INFORMATION_FORMAT = dwarf;
				ENABLE_STRICT_OBJC_MSGSEND = YES;
				ENABLE_TESTABILITY = YES;
				GCC_C_LANGUAGE_STANDARD = gnu11;
				GCC_DYNAMIC_NO_PIC = NO;
				GCC_NO_COMMON_BLOCKS = YES;
				GCC_OPTIMIZATION_LEVEL = 0;
				GCC_PREPROCESSOR_DEFINITIONS = (
					"DEBUG=1",
					"$(inherited)",
				);
				GCC_WARN_64_TO_32_BIT_CONVERSION = YES;
				GCC_WARN_ABOUT_RETURN_TYPE = YES_ERROR;
				GCC_WARN_UNDECLARED_SELECTOR = YES;
				GCC_WARN_UNINITIALIZED_AUTOS = YES_AGGRESSIVE;
				GCC_WARN_UNUSED_FUNCTION = YES;
				GCC_WARN_UNUSED_VARIABLE = YES;
				MACOSX_DEPLOYMENT_TARGET = 10.12;
				MTL_ENABLE_DEBUG_INFO = YES;
				ONLY_ACTIVE_ARCH = YES;
				SDKROOT = macosx;
			};
			name = Debug;
		};
		D71A28232076C890001BA13C /* Release */ = {
			isa = XCBuildConfiguration;
			buildSettings = {
				ALWAYS_SEARCH_USER_PATHS = NO;
				CLANG_ANALYZER_NONNULL = YES;
				CLANG_ANALYZER_NUMBER_OBJECT_CONVERSION = YES_AGGRESSIVE;
				CLANG_CXX_LANGUAGE_STANDARD = "gnu++14";
				CLANG_CXX_LIBRARY = "libc++";
				CLANG_ENABLE_MODULES = YES;
				CLANG_ENABLE_OBJC_ARC = YES;
				CLANG_WARN_BLOCK_CAPTURE_AUTORELEASING = YES;
				CLANG_WARN_BOOL_CONVERSION = YES;
				CLANG_WARN_COMMA = YES;
				CLANG_WARN_CONSTANT_CONVERSION = YES;
				CLANG_WARN_DIRECT_OBJC_ISA_USAGE = YES_ERROR;
				CLANG_WARN_DOCUMENTATION_COMMENTS = YES;
				CLANG_WARN_EMPTY_BODY = YES;
				CLANG_WARN_ENUM_CONVERSION = YES;
				CLANG_WARN_INFINITE_RECURSION = YES;
				CLANG_WARN_INT_CONVERSION = YES;
				CLANG_WARN_NON_LITERAL_NULL_CONVERSION = YES;
				CLANG_WARN_OBJC_LITERAL_CONVERSION = YES;
				CLANG_WARN_OBJC_ROOT_CLASS = YES_ERROR;
				CLANG_WARN_RANGE_LOOP_ANALYSIS = YES;
				CLANG_WARN_STRICT_PROTOTYPES = YES;
				CLANG_WARN_SUSPICIOUS_MOVE = YES;
				CLANG_WARN_UNGUARDED_AVAILABILITY = YES_AGGRESSIVE;
				CLANG_WARN_UNREACHABLE_CODE = YES;
				CLANG_WARN__DUPLICATE_METHOD_MATCH = YES;
				CODE_SIGN_IDENTITY = "-";
				COPY_PHASE_STRIP = NO;
				DEBUG_INFORMATION_FORMAT = "dwarf-with-dsym";
				ENABLE_NS_ASSERTIONS = NO;
				ENABLE_STRICT_OBJC_MSGSEND = YES;
				GCC_C_LANGUAGE_STANDARD = gnu11;
				GCC_NO_COMMON_BLOCKS = YES;
				GCC_WARN_64_TO_32_BIT_CONVERSION = YES;
				GCC_WARN_ABOUT_RETURN_TYPE = YES_ERROR;
				GCC_WARN_UNDECLARED_SELECTOR = YES;
				GCC_WARN_UNINITIALIZED_AUTOS = YES_AGGRESSIVE;
				GCC_WARN_UNUSED_FUNCTION = YES;
				GCC_WARN_UNUSED_VARIABLE = YES;
				MACOSX_DEPLOYMENT_TARGET = 10.12;
				MTL_ENABLE_DEBUG_INFO = NO;
				SDKROOT = macosx;
			};
			name = Release;
		};
		D71A28252076C890001BA13C /* Debug */ = {
			isa = XCBuildConfiguration;
			buildSettings = {
				CODE_SIGN_STYLE = Automatic;
				HEADER_SEARCH_PATHS = /usr/local/include;
				LIBRARY_SEARCH_PATHS = (
					"$(inherited)",
					/usr/local/Cellar/sdl2/2.0.8/lib,
				);
				PRODUCT_NAME = "$(TARGET_NAME)";
			};
			name = Debug;
		};
		D71A28262076C890001BA13C /* Release */ = {
			isa = XCBuildConfiguration;
			buildSettings = {
				CODE_SIGN_STYLE = Automatic;
				HEADER_SEARCH_PATHS = /usr/local/include;
				LIBRARY_SEARCH_PATHS = (
					"$(inherited)",
					/usr/local/Cellar/sdl2/2.0.8/lib,
				);
				PRODUCT_NAME = "$(TARGET_NAME)";
			};
			name = Release;
		};
/* End XCBuildConfiguration section */

/* Begin XCConfigurationList section */
		D71A28182076C890001BA13C /* Build configuration list for PBXProject "TheParticleFireSimulation" */ = {
			isa = XCConfigurationList;
			buildConfigurations = (
				D71A28222076C890001BA13C /* Debug */,
				D71A28232076C890001BA13C /* Release */,
			);
			defaultConfigurationIsVisible = 0;
			defaultConfigurationName = Release;
		};
		D71A28242076C890001BA13C /* Build configuration list for PBXNativeTarget "TheParticleFireSimulation" */ = {
			isa = XCConfigurationList;
			buildConfigurations = (
				D71A28252076C890001BA13C /* Debug */,
				D71A28262076C890001BA13C /* Release */,
			);
			defaultConfigurationIsVisible = 0;
			defaultConfigurationName = Release;
		};
/* End XCConfigurationList section */
	};
	rootObject = D71A28152076C890001BA13C /* Project object */;
}
